{
  "originHash" : "ad93176d3c3604b00780a545f005c2dab702b6b482f08eb9f98c10457a40a5ea",
  "pins" : [
    {
      "identity" : "grdb.swift",
      "kind" : "remoteSourceControl",
      "location" : "https://github.com/groue/GRDB.swift.git",
      "state" : {
        "revision" : "b83108d10f42680d78f23fe4d4d80fc88dab3212",
        "version" : "7.11.1"
      }
    },
    {
      "identity" : "webrtc",
      "kind" : "remoteSourceControl",
      "location" : "https://github.com/stasel/WebRTC.git",
      "state" : {
        "revision" : "4266157cd08f92115de885ab12d87196a8db87e1",
        "version" : "153.0.0"
      }
    }
  ],
  "version" : 3
}
